
Microsoft Visual Studio Solution File, Format Version 12.00
# Visual Studio Version 17
VisualStudioVersion = 17.4.33213.308
MinimumVisualStudioVersion = 10.0.40219.1
Project("{FAE04EC0-301F-11D3-BF4B-00C04F79EFBC}") = "ManagerTelegram", "ManagerTelegram\ManagerTelegram.csproj", "{AA288760-0E9D-4F7A-88C1-722EF5DBD8BC}"
EndProject
Global
	GlobalSection(SolutionConfigurationPlatforms) = preSolution
		Debug|Any CPU = Debug|Any CPU
		Release|Any CPU = Release|Any CPU
	EndGlobalSection
	GlobalSection(ProjectConfigurationPlatforms) = postSolution
		{AA288760-0E9D-4F7A-88C1-722EF5DBD8BC}.Debug|Any CPU.ActiveCfg = Debug|Any CPU
		{AA288760-0E9D-4F7A-88C1-722EF5DBD8BC}.Debug|Any CPU.Build.0 = Debug|Any CPU
		{AA288760-0E9D-4F7A-88C1-722EF5DBD8BC}.Release|Any CPU.ActiveCfg = Release|Any CPU
		{AA288760-0E9D-4F7A-88C1-722EF5DBD8BC}.Release|Any CPU.Build.0 = Release|Any CPU
	EndGlobalSection
	GlobalSection(SolutionProperties) = preSolution
		HideSolutionNode = FALSE
	EndGlobalSection
	GlobalSection(ExtensibilityGlobals) = postSolution
		SolutionGuid = {15798399-AC61-42D6-838B-E3120B9738E2}
	EndGlobalSection
EndGlobal
